
Microsoft Visual Studio Solution File, Format Version 12.00
# Visual Studio 15
VisualStudioVersion = 15.0.28307.329
MinimumVisualStudioVersion = 10.0.40219.1
Project("{FAE04EC0-301F-11D3-BF4B-00C04F79EFBC}") = "MVCAssignment", "MVCAssignment\MVCAssignment.csproj", "{F7004556-29AF-43B4-AFB2-F78329FDDF82}"
EndProject
Project("{FAE04EC0-301F-11D3-BF4B-00C04F79EFBC}") = "DAL", "DAL\DAL.csproj", "{C78BE31B-C5BF-479F-ACD1-ACE249F4E085}"
EndProject
Project("{FAE04EC0-301F-11D3-BF4B-00C04F79EFBC}") = "Shared", "Shared\Shared.csproj", "{9CA0F37A-8C20-4E3C-86C1-4EFFD2A6A650}"
EndProject
Project("{FAE04EC0-301F-11D3-BF4B-00C04F79EFBC}") = "BL", "BLL\BL.csproj", "{F06C1491-52E7-4005-9CD2-028ADFC8A9E0}"
EndProject
Global
	GlobalSection(SolutionConfigurationPlatforms) = preSolution
		Debug|Any CPU = Debug|Any CPU
		Release|Any CPU = Release|Any CPU
	EndGlobalSection
	GlobalSection(ProjectConfigurationPlatforms) = postSolution
		{F7004556-29AF-43B4-AFB2-F78329FDDF82}.Debug|Any CPU.ActiveCfg = Debug|Any CPU
		{F7004556-29AF-43B4-AFB2-F78329FDDF82}.Debug|Any CPU.Build.0 = Debug|Any CPU
		{F7004556-29AF-43B4-AFB2-F78329FDDF82}.Release|Any CPU.ActiveCfg = Release|Any CPU
		{F7004556-29AF-43B4-AFB2-F78329FDDF82}.Release|Any CPU.Build.0 = Release|Any CPU
		{C78BE31B-C5BF-479F-ACD1-ACE249F4E085}.Debug|Any CPU.ActiveCfg = Debug|Any CPU
		{C78BE31B-C5BF-479F-ACD1-ACE249F4E085}.Debug|Any CPU.Build.0 = Debug|Any CPU
		{C78BE31B-C5BF-479F-ACD1-ACE249F4E085}.Release|Any CPU.ActiveCfg = Release|Any CPU
		{C78BE31B-C5BF-479F-ACD1-ACE249F4E085}.Release|Any CPU.Build.0 = Release|Any CPU
		{9CA0F37A-8C20-4E3C-86C1-4EFFD2A6A650}.Debug|Any CPU.ActiveCfg = Debug|Any CPU
		{9CA0F37A-8C20-4E3C-86C1-4EFFD2A6A650}.Debug|Any CPU.Build.0 = Debug|Any CPU
		{9CA0F37A-8C20-4E3C-86C1-4EFFD2A6A650}.Release|Any CPU.ActiveCfg = Release|Any CPU
		{9CA0F37A-8C20-4E3C-86C1-4EFFD2A6A650}.Release|Any CPU.Build.0 = Release|Any CPU
		{F06C1491-52E7-4005-9CD2-028ADFC8A9E0}.Debug|Any CPU.ActiveCfg = Debug|Any CPU
		{F06C1491-52E7-4005-9CD2-028ADFC8A9E0}.Debug|Any CPU.Build.0 = Debug|Any CPU
		{F06C1491-52E7-4005-9CD2-028ADFC8A9E0}.Release|Any CPU.ActiveCfg = Release|Any CPU
		{F06C1491-52E7-4005-9CD2-028ADFC8A9E0}.Release|Any CPU.Build.0 = Release|Any CPU
	EndGlobalSection
	GlobalSection(SolutionProperties) = preSolution
		HideSolutionNode = FALSE
	EndGlobalSection
	GlobalSection(ExtensibilityGlobals) = postSolution
		SolutionGuid = {263A128B-0CDB-42C1-9410-A37179270853}
	EndGlobalSection
EndGlobal
